
Microsoft Visual Studio Solution File, Format Version 12.00
# Visual Studio Version 17
VisualStudioVersion = 17.9.34701.34
MinimumVisualStudioVersion = 10.0.40219.1
Project("{FAE04EC0-301F-11D3-BF4B-00C04F79EFBC}") = "TestApp2504", "TestApp2504.csproj", "{31BCE28E-9E04-4495-893F-E6320D2CF2A0}"
EndProject
Global
	GlobalSection(SolutionConfigurationPlatforms) = preSolution
		Debug|Any CPU = Debug|Any CPU
		Release|Any CPU = Release|Any CPU
	EndGlobalSection
	GlobalSection(ProjectConfigurationPlatforms) = postSolution
		{31BCE28E-9E04-4495-893F-E6320D2CF2A0}.Debug|Any CPU.ActiveCfg = Debug|Any CPU
		{31BCE28E-9E04-4495-893F-E6320D2CF2A0}.Debug|Any CPU.Build.0 = Debug|Any CPU
		{31BCE28E-9E04-4495-893F-E6320D2CF2A0}.Release|Any CPU.ActiveCfg = Release|Any CPU
		{31BCE28E-9E04-4495-893F-E6320D2CF2A0}.Release|Any CPU.Build.0 = Release|Any CPU
	EndGlobalSection
	GlobalSection(SolutionProperties) = preSolution
		HideSolutionNode = FALSE
	EndGlobalSection
	GlobalSection(ExtensibilityGlobals) = postSolution
		SolutionGuid = {F9258263-4DA2-4CE9-81B4-7A331D13E026}
	EndGlobalSection
EndGlobal
